
Microsoft Visual Studio Solution File, Format Version 12.00
# Visual Studio Version 16
VisualStudioVersion = 16.0.29806.167
MinimumVisualStudioVersion = 10.0.40219.1
Project("{FAE04EC0-301F-11D3-BF4B-00C04F79EFBC}") = "GameServer", "GameServer\GameServer.csproj", "{C625C652-699F-418A-9EF6-C71601E5D7CE}"
EndProject
Global
	GlobalSection(SolutionConfigurationPlatforms) = preSolution
		Debug|Any CPU = Debug|Any CPU
		Release|Any CPU = Release|Any CPU
	EndGlobalSection
	GlobalSection(ProjectConfigurationPlatforms) = postSolution
		{C625C652-699F-418A-9EF6-C71601E5D7CE}.Debug|Any CPU.ActiveCfg = Debug|Any CPU
		{C625C652-699F-418A-9EF6-C71601E5D7CE}.Debug|Any CPU.Build.0 = Debug|Any CPU
		{C625C652-699F-418A-9EF6-C71601E5D7CE}.Release|Any CPU.ActiveCfg = Release|Any CPU
		{C625C652-699F-418A-9EF6-C71601E5D7CE}.Release|Any CPU.Build.0 = Release|Any CPU
	EndGlobalSection
	GlobalSection(SolutionProperties) = preSolution
		HideSolutionNode = FALSE
	EndGlobalSection
	GlobalSection(ExtensibilityGlobals) = postSolution
		SolutionGuid = {EC3AE560-19FF-4CAA-AB6E-EF9E38F8FA98}
	EndGlobalSection
EndGlobal
